Microsoft Visual Studio Solution File, Format Version 11.00
# Visual Studio 2008

Project("{6CC2CF5A-9CA3-7E65-9F88-F5C436FE9D6F}") = "Arctic v1.3", "Assembly-CSharp.csproj", "{FC44831C-B7D7-412C-FF00-EB586366A77A}"
EndProject
Project("{6CC2CF5A-9CA3-7E65-9F88-F5C436FE9D6F}") = "Arctic v1.3", "Assembly-CSharp-Editor.csproj", "{C31A8917-1A2E-6880-AC52-79D0F9808219}"
EndProject
Project("{6CC2CF5A-9CA3-7E65-9F88-F5C436FE9D6F}") = "Arctic v1.3", "Assembly-UnityScript.unityproj", "{7CCE3D4E-0FC5-FE5D-FC2D-AA21CC64BB5F}"
EndProject
Global
	GlobalSection(SolutionConfigurationPlatforms) = preSolution
		Debug|Any CPU = Debug|Any CPU
		Release|Any CPU = Release|Any CPU
	EndGlobalSection
	GlobalSection(ProjectConfigurationPlatforms) = postSolution
		{FC44831C-B7D7-412C-FF00-EB586366A77A}.Debug|Any CPU.ActiveCfg = Debug|Any CPU
		{FC44831C-B7D7-412C-FF00-EB586366A77A}.Debug|Any CPU.Build.0 = Debug|Any CPU
		{FC44831C-B7D7-412C-FF00-EB586366A77A}.Release|Any CPU.ActiveCfg = Release|Any CPU
		{FC44831C-B7D7-412C-FF00-EB586366A77A}.Release|Any CPU.Build.0 = Release|Any CPU
		{C31A8917-1A2E-6880-AC52-79D0F9808219}.Debug|Any CPU.ActiveCfg = Debug|Any CPU
		{C31A8917-1A2E-6880-AC52-79D0F9808219}.Debug|Any CPU.Build.0 = Debug|Any CPU
		{C31A8917-1A2E-6880-AC52-79D0F9808219}.Release|Any CPU.ActiveCfg = Release|Any CPU
		{C31A8917-1A2E-6880-AC52-79D0F9808219}.Release|Any CPU.Build.0 = Release|Any CPU
		{7CCE3D4E-0FC5-FE5D-FC2D-AA21CC64BB5F}.Debug|Any CPU.ActiveCfg = Debug|Any CPU
		{7CCE3D4E-0FC5-FE5D-FC2D-AA21CC64BB5F}.Debug|Any CPU.Build.0 = Debug|Any CPU
		{7CCE3D4E-0FC5-FE5D-FC2D-AA21CC64BB5F}.Release|Any CPU.ActiveCfg = Release|Any CPU
		{7CCE3D4E-0FC5-FE5D-FC2D-AA21CC64BB5F}.Release|Any CPU.Build.0 = Release|Any CPU
	EndGlobalSection
	GlobalSection(SolutionProperties) = preSolution
		HideSolutionNode = FALSE
	EndGlobalSection
		GlobalSection(MonoDevelopProperties) = preSolution
		StartupItem = Assembly-CSharp.csproj
		Policies = $0
		$0.TextStylePolicy = $1
		$1.inheritsSet = null
		$1.scope = text/x-csharp
		$0.CSharpFormattingPolicy = $2
		$2.inheritsSet = Mono
		$2.inheritsScope = text/x-csharp
		$2.scope = text/x-csharp
		$0.TextStylePolicy = $3
		$3.FileWidth = 120
		$3.TabWidth = 4
		$3.IndentWidth = 4
		$3.EolMarker = Unix
		$3.inheritsSet = Mono
		$3.inheritsScope = text/plain
		$3.scope = text/plain
	EndGlobalSection

EndGlobal
